{
  "nodes": {
    "haskell-terminal": {
      "flake": false,
      "locked": {
        "lastModified": 1709159410,
        "narHash": "sha256-BT0ClAsXsZYx9He7oNQQricb3usxwlYBZj713etxRJg=",
        "owner": "ners",
        "repo": "haskell-terminal",
        "rev": "de3c2fe566fe9b655e46b303d7d93442dafff06c",
        "type": "github"
      },
      "original": {
        "owner": "ners",
        "ref": "fix-virtual-terminal-erase",
        "repo": "haskell-terminal",
        "type": "github"
      }
    },
    "nixpkgs": {
      "locked": {
        "lastModified": 1746904237,
        "narHash": "sha256-3e+AVBczosP5dCLQmMoMEogM57gmZ2qrVSrmq9aResQ=",
        "owner": "nixos",
        "repo": "nixpkgs",
        "rev": "d89fc19e405cb2d55ce7cc114356846a0ee5e956",
        "type": "github"
      },
      "original": {
        "owner": "nixos",
        "ref": "nixos-unstable",
        "repo": "nixpkgs",
        "type": "github"
      }
    },
    "root": {
      "inputs": {
        "haskell-terminal": "haskell-terminal",
        "nixpkgs": "nixpkgs",
        "text-rope-zipper": "text-rope-zipper"
      }
    },
    "text-rope-zipper": {
      "inputs": {
        "nixpkgs": [
          "nixpkgs"
        ]
      },
      "locked": {
        "lastModified": 1747032609,
        "narHash": "sha256-YmKNWufghcqemlyBVBxv0k4L9Fovk7P3J9Pr9Xf+iiI=",
        "owner": "ners",
        "repo": "text-rope-zipper",
        "rev": "3e30d8775a7518dd43f5c9ff6b4b0527d44fb731",
        "type": "github"
      },
      "original": {
        "owner": "ners",
        "repo": "text-rope-zipper",
        "type": "github"
      }
    }
  },
  "root": "root",
  "version": 7
}
