{
  "nodes": {
    "haskell-terminal": {
      "flake": false,
      "locked": {
        "lastModified": 1709159410,
        "narHash": "sha256-BT0ClAsXsZYx9He7oNQQricb3usxwlYBZj713etxRJg=",
        "owner": "ners",
        "repo": "haskell-terminal",
        "rev": "de3c2fe566fe9b655e46b303d7d93442dafff06c",
        "type": "github"
      },
      "original": {
        "owner": "ners",
        "ref": "fix-virtual-terminal-erase",
        "repo": "haskell-terminal",
        "type": "github"
      }
    },
    "nixpkgs": {
      "locked": {
        "lastModified": 1722062969,
        "narHash": "sha256-QOS0ykELUmPbrrUGmegAUlpmUFznDQeR4q7rFhl8eQg=",
        "owner": "nixos",
        "repo": "nixpkgs",
        "rev": "b73c2221a46c13557b1b3be9c2070cc42cf01eb3",
        "type": "github"
      },
      "original": {
        "owner": "nixos",
        "ref": "nixos-unstable",
        "repo": "nixpkgs",
        "type": "github"
      }
    },
    "root": {
      "inputs": {
        "haskell-terminal": "haskell-terminal",
        "nixpkgs": "nixpkgs",
        "text-rope-zipper": "text-rope-zipper"
      }
    },
    "text-rope-zipper": {
      "inputs": {
        "nixpkgs": [
          "nixpkgs"
        ]
      },
      "locked": {
        "lastModified": 1722189394,
        "narHash": "sha256-qtqSs7p12tqSFS0EeNLaC5JNINvijh9uuNKkXDu8dJE=",
        "owner": "ners",
        "repo": "text-rope-zipper",
        "rev": "a69b784c98dc2bdee903380e5cb59c7474ab924f",
        "type": "github"
      },
      "original": {
        "owner": "ners",
        "repo": "text-rope-zipper",
        "type": "github"
      }
    }
  },
  "root": "root",
  "version": 7
}
